
Microsoft Visual Studio Solution File, Format Version 12.00
# Visual Studio Version 16
VisualStudioVersion = 16.0.30320.27
MinimumVisualStudioVersion = 10.0.40219.1
Project("{FAE04EC0-301F-11D3-BF4B-00C04F79EFBC}") = "Informatica.Negocio", "Informatica.Negocio\Informatica.Negocio.csproj", "{AE24B26B-5E95-4753-98CA-D2EC5E424004}"
EndProject
Project("{FAE04EC0-301F-11D3-BF4B-00C04F79EFBC}") = "Informatica.Negocio.Test", "Informatica.Negocio.Test\Informatica.Negocio.Test.csproj", "{88959B56-BEDF-432E-B8D0-5BFCD7E40324}"
EndProject
Global
	GlobalSection(SolutionConfigurationPlatforms) = preSolution
		Debug|Any CPU = Debug|Any CPU
		Release|Any CPU = Release|Any CPU
	EndGlobalSection
	GlobalSection(ProjectConfigurationPlatforms) = postSolution
		{AE24B26B-5E95-4753-98CA-D2EC5E424004}.Debug|Any CPU.ActiveCfg = Debug|Any CPU
		{AE24B26B-5E95-4753-98CA-D2EC5E424004}.Debug|Any CPU.Build.0 = Debug|Any CPU
		{AE24B26B-5E95-4753-98CA-D2EC5E424004}.Release|Any CPU.ActiveCfg = Release|Any CPU
		{AE24B26B-5E95-4753-98CA-D2EC5E424004}.Release|Any CPU.Build.0 = Release|Any CPU
		{88959B56-BEDF-432E-B8D0-5BFCD7E40324}.Debug|Any CPU.ActiveCfg = Debug|Any CPU
		{88959B56-BEDF-432E-B8D0-5BFCD7E40324}.Debug|Any CPU.Build.0 = Debug|Any CPU
		{88959B56-BEDF-432E-B8D0-5BFCD7E40324}.Release|Any CPU.ActiveCfg = Release|Any CPU
		{88959B56-BEDF-432E-B8D0-5BFCD7E40324}.Release|Any CPU.Build.0 = Release|Any CPU
	EndGlobalSection
	GlobalSection(SolutionProperties) = preSolution
		HideSolutionNode = FALSE
	EndGlobalSection
	GlobalSection(ExtensibilityGlobals) = postSolution
		SolutionGuid = {2F3311C5-7B24-4F07-93C7-B04E9A1DC273}
	EndGlobalSection
EndGlobal
